
Microsoft Visual Studio Solution File, Format Version 12.00
# Visual Studio 15
VisualStudioVersion = 15.0.28010.2048
MinimumVisualStudioVersion = 10.0.40219.1
Project("{FAE04EC0-301F-11D3-BF4B-00C04F79EFBC}") = "HostConsole", "HostConsole\HostConsole\HostConsole.csproj", "{D0AAB903-ACB0-46C3-83D8-9D89C775095C}"
EndProject
Project("{FAE04EC0-301F-11D3-BF4B-00C04F79EFBC}") = "MathLib", "MathLib\MathLib.csproj", "{5097BF2D-D1F2-46A2-B01E-CD1C52EC7EC8}"
EndProject
Project("{FAE04EC0-301F-11D3-BF4B-00C04F79EFBC}") = "CalculatorWin", "CalculatorWin\CalculatorWin.csproj", "{A2669747-9AD0-4528-AACA-16A3E0945924}"
EndProject
Global
	GlobalSection(SolutionConfigurationPlatforms) = preSolution
		Debug|Any CPU = Debug|Any CPU
		Release|Any CPU = Release|Any CPU
	EndGlobalSection
	GlobalSection(ProjectConfigurationPlatforms) = postSolution
		{D0AAB903-ACB0-46C3-83D8-9D89C775095C}.Debug|Any CPU.ActiveCfg = Debug|Any CPU
		{D0AAB903-ACB0-46C3-83D8-9D89C775095C}.Debug|Any CPU.Build.0 = Debug|Any CPU
		{D0AAB903-ACB0-46C3-83D8-9D89C775095C}.Release|Any CPU.ActiveCfg = Release|Any CPU
		{D0AAB903-ACB0-46C3-83D8-9D89C775095C}.Release|Any CPU.Build.0 = Release|Any CPU
		{5097BF2D-D1F2-46A2-B01E-CD1C52EC7EC8}.Debug|Any CPU.ActiveCfg = Debug|Any CPU
		{5097BF2D-D1F2-46A2-B01E-CD1C52EC7EC8}.Debug|Any CPU.Build.0 = Debug|Any CPU
		{5097BF2D-D1F2-46A2-B01E-CD1C52EC7EC8}.Release|Any CPU.ActiveCfg = Release|Any CPU
		{5097BF2D-D1F2-46A2-B01E-CD1C52EC7EC8}.Release|Any CPU.Build.0 = Release|Any CPU
		{A2669747-9AD0-4528-AACA-16A3E0945924}.Debug|Any CPU.ActiveCfg = Debug|Any CPU
		{A2669747-9AD0-4528-AACA-16A3E0945924}.Debug|Any CPU.Build.0 = Debug|Any CPU
		{A2669747-9AD0-4528-AACA-16A3E0945924}.Release|Any CPU.ActiveCfg = Release|Any CPU
		{A2669747-9AD0-4528-AACA-16A3E0945924}.Release|Any CPU.Build.0 = Release|Any CPU
	EndGlobalSection
	GlobalSection(SolutionProperties) = preSolution
		HideSolutionNode = FALSE
	EndGlobalSection
	GlobalSection(ExtensibilityGlobals) = postSolution
		SolutionGuid = {7F2AC34E-407A-4B20-B33D-6A76D3EAF05F}
	EndGlobalSection
EndGlobal
